
Microsoft Visual Studio Solution File, Format Version 12.00
# Visual Studio Version 18
VisualStudioVersion = 18.2.11415.280 d18.0
MinimumVisualStudioVersion = 10.0.40219.1
Project("{FAE04EC0-301F-11D3-BF4B-00C04F79EFBC}") = "CatchmentTool", "CatchmentTool.csproj", "{62EA831E-8589-380B-C4FC-3C3F3B408CEB}"
EndProject
Global
	GlobalSection(SolutionConfigurationPlatforms) = preSolution
		Debug|Any CPU = Debug|Any CPU
		Release|Any CPU = Release|Any CPU
	EndGlobalSection
	GlobalSection(ProjectConfigurationPlatforms) = postSolution
		{62EA831E-8589-380B-C4FC-3C3F3B408CEB}.Debug|Any CPU.ActiveCfg = Debug|Any CPU
		{62EA831E-8589-380B-C4FC-3C3F3B408CEB}.Debug|Any CPU.Build.0 = Debug|Any CPU
		{62EA831E-8589-380B-C4FC-3C3F3B408CEB}.Release|Any CPU.ActiveCfg = Release|Any CPU
		{62EA831E-8589-380B-C4FC-3C3F3B408CEB}.Release|Any CPU.Build.0 = Release|Any CPU
	EndGlobalSection
	GlobalSection(SolutionProperties) = preSolution
		HideSolutionNode = FALSE
	EndGlobalSection
	GlobalSection(ExtensibilityGlobals) = postSolution
		SolutionGuid = {FA3F9BAC-A272-415F-8093-38FEB70FBE2F}
	EndGlobalSection
EndGlobal
